
Microsoft Visual Studio Solution File, Format Version 12.00
# Visual Studio 15
VisualStudioVersion = 15.0.26228.4
MinimumVisualStudioVersion = 10.0.40219.1
Project("{FAE04EC0-301F-11D3-BF4B-00C04F79EFBC}") = "STSExtractor", "STSExtractor\STSExtractor.csproj", "{2F3E141E-77E7-43E5-ADA6-10127722D5B5}"
EndProject
Project("{FAE04EC0-301F-11D3-BF4B-00C04F79EFBC}") = "STSParser", "STSParser\STSParser.csproj", "{0B538924-A48D-4AB3-931A-9D12FFB196EC}"
EndProject
Project("{FAE04EC0-301F-11D3-BF4B-00C04F79EFBC}") = "STSParser.Test", "STSParser.Test\STSParser.Test.csproj", "{91C3DA37-E6A7-40F7-B862-DB92C22FDADF}"
EndProject
Project("{FAE04EC0-301F-11D3-BF4B-00C04F79EFBC}") = "STSCommon", "STSCommon\STSCommon.csproj", "{2594E426-F210-4461-A3EC-5AC5106B6299}"
EndProject
Global
	GlobalSection(SolutionConfigurationPlatforms) = preSolution
		Debug|Any CPU = Debug|Any CPU
		Release|Any CPU = Release|Any CPU
	EndGlobalSection
	GlobalSection(ProjectConfigurationPlatforms) = postSolution
		{2F3E141E-77E7-43E5-ADA6-10127722D5B5}.Debug|Any CPU.ActiveCfg = Debug|Any CPU
		{2F3E141E-77E7-43E5-ADA6-10127722D5B5}.Debug|Any CPU.Build.0 = Debug|Any CPU
		{2F3E141E-77E7-43E5-ADA6-10127722D5B5}.Release|Any CPU.ActiveCfg = Release|Any CPU
		{2F3E141E-77E7-43E5-ADA6-10127722D5B5}.Release|Any CPU.Build.0 = Release|Any CPU
		{0B538924-A48D-4AB3-931A-9D12FFB196EC}.Debug|Any CPU.ActiveCfg = Debug|Any CPU
		{0B538924-A48D-4AB3-931A-9D12FFB196EC}.Debug|Any CPU.Build.0 = Debug|Any CPU
		{0B538924-A48D-4AB3-931A-9D12FFB196EC}.Release|Any CPU.ActiveCfg = Release|Any CPU
		{0B538924-A48D-4AB3-931A-9D12FFB196EC}.Release|Any CPU.Build.0 = Release|Any CPU
		{91C3DA37-E6A7-40F7-B862-DB92C22FDADF}.Debug|Any CPU.ActiveCfg = Debug|Any CPU
		{91C3DA37-E6A7-40F7-B862-DB92C22FDADF}.Debug|Any CPU.Build.0 = Debug|Any CPU
		{91C3DA37-E6A7-40F7-B862-DB92C22FDADF}.Release|Any CPU.ActiveCfg = Release|Any CPU
		{91C3DA37-E6A7-40F7-B862-DB92C22FDADF}.Release|Any CPU.Build.0 = Release|Any CPU
		{2594E426-F210-4461-A3EC-5AC5106B6299}.Debug|Any CPU.ActiveCfg = Debug|Any CPU
		{2594E426-F210-4461-A3EC-5AC5106B6299}.Debug|Any CPU.Build.0 = Debug|Any CPU
		{2594E426-F210-4461-A3EC-5AC5106B6299}.Release|Any CPU.ActiveCfg = Release|Any CPU
		{2594E426-F210-4461-A3EC-5AC5106B6299}.Release|Any CPU.Build.0 = Release|Any CPU
	EndGlobalSection
	GlobalSection(SolutionProperties) = preSolution
		HideSolutionNode = FALSE
	EndGlobalSection
EndGlobal
